
Microsoft Visual Studio Solution File, Format Version 12.00
# Visual Studio Version 16
VisualStudioVersion = 16.0.29920.165
MinimumVisualStudioVersion = 10.0.40219.1
Project("{9A19103F-16F7-4668-BE54-9A1E7A4F7556}") = "Center.Web", "Center.Web\Center.Web.csproj", "{6B52B8B1-49A0-4604-916C-7FDC536B8228}"
EndProject
Project("{9A19103F-16F7-4668-BE54-9A1E7A4F7556}") = "Center.Interface", "Center.Interface\Center.Interface.csproj", "{7D958CC1-3CE5-475A-8B2F-B56B0F251E16}"
EndProject
Project("{9A19103F-16F7-4668-BE54-9A1E7A4F7556}") = "Center.IOCDI.Framework", "Center.IOCDI.Framework\Center.IOCDI.Framework.csproj", "{A750189B-6155-473F-9568-DD467E3A3724}"
EndProject
Project("{9A19103F-16F7-4668-BE54-9A1E7A4F7556}") = "Center.Service", "Center.Service\Center.Service.csproj", "{73AC3CCD-E295-4E1E-9DAC-B6A0619BD5BC}"
EndProject
Project("{2150E333-8FDC-42A3-9474-1A3956D46DE8}") = "RM.IOCTest", "RM.IOCTest", "{2DB059FF-D3C0-4657-BCFD-0D5147491B90}"
EndProject
Project("{9A19103F-16F7-4668-BE54-9A1E7A4F7556}") = "Data.EFCCore31", "Data.EFCCore31\Data.EFCCore31.csproj", "{132F56A5-EA54-4A0C-AD1F-399ACC3DC386}"
EndProject
Project("{9A19103F-16F7-4668-BE54-9A1E7A4F7556}") = "Center.WebAPI", "Center.WebAPI\Center.WebAPI.csproj", "{1A4114DA-252D-46E1-8682-DC5CB3E4F1FB}"
EndProject
Project("{9A19103F-16F7-4668-BE54-9A1E7A4F7556}") = "Center.Web.Authentication", "Center.Web.Authentication\Center.Web.Authentication.csproj", "{B3F828DB-B648-4ECB-B344-EF8B5B9034B7}"
EndProject
Project("{2150E333-8FDC-42A3-9474-1A3956D46DE8}") = "Data.Access", "Data.Access", "{BE1A1B03-30D3-490D-B7E8-98A1C9A6F005}"
EndProject
Project("{9A19103F-16F7-4668-BE54-9A1E7A4F7556}") = "Center.MicroServiceGateway", "Center.MicroServiceGateway\Center.MicroServiceGateway.csproj", "{9DDE7647-2F51-4C0F-92C7-BCC09C2DEB15}"
EndProject
Project("{FAE04EC0-301F-11D3-BF4B-00C04F79EFBC}") = "Center.Web.AuthDemo", "Center.Web.AuthDemo\Center.Web.AuthDemo.csproj", "{43A6D9B7-709B-47A5-AF5F-514984B5663A}"
EndProject
Global
	GlobalSection(SolutionConfigurationPlatforms) = preSolution
		Debug|Any CPU = Debug|Any CPU
		Release|Any CPU = Release|Any CPU
	EndGlobalSection
	GlobalSection(ProjectConfigurationPlatforms) = postSolution
		{6B52B8B1-49A0-4604-916C-7FDC536B8228}.Debug|Any CPU.ActiveCfg = Debug|Any CPU
		{6B52B8B1-49A0-4604-916C-7FDC536B8228}.Debug|Any CPU.Build.0 = Debug|Any CPU
		{6B52B8B1-49A0-4604-916C-7FDC536B8228}.Release|Any CPU.ActiveCfg = Release|Any CPU
		{6B52B8B1-49A0-4604-916C-7FDC536B8228}.Release|Any CPU.Build.0 = Release|Any CPU
		{7D958CC1-3CE5-475A-8B2F-B56B0F251E16}.Debug|Any CPU.ActiveCfg = Debug|Any CPU
		{7D958CC1-3CE5-475A-8B2F-B56B0F251E16}.Debug|Any CPU.Build.0 = Debug|Any CPU
		{7D958CC1-3CE5-475A-8B2F-B56B0F251E16}.Release|Any CPU.ActiveCfg = Release|Any CPU
		{7D958CC1-3CE5-475A-8B2F-B56B0F251E16}.Release|Any CPU.Build.0 = Release|Any CPU
		{A750189B-6155-473F-9568-DD467E3A3724}.Debug|Any CPU.ActiveCfg = Debug|Any CPU
		{A750189B-6155-473F-9568-DD467E3A3724}.Debug|Any CPU.Build.0 = Debug|Any CPU
		{A750189B-6155-473F-9568-DD467E3A3724}.Release|Any CPU.ActiveCfg = Release|Any CPU
		{A750189B-6155-473F-9568-DD467E3A3724}.Release|Any CPU.Build.0 = Release|Any CPU
		{73AC3CCD-E295-4E1E-9DAC-B6A0619BD5BC}.Debug|Any CPU.ActiveCfg = Debug|Any CPU
		{73AC3CCD-E295-4E1E-9DAC-B6A0619BD5BC}.Debug|Any CPU.Build.0 = Debug|Any CPU
		{73AC3CCD-E295-4E1E-9DAC-B6A0619BD5BC}.Release|Any CPU.ActiveCfg = Release|Any CPU
		{73AC3CCD-E295-4E1E-9DAC-B6A0619BD5BC}.Release|Any CPU.Build.0 = Release|Any CPU
		{132F56A5-EA54-4A0C-AD1F-399ACC3DC386}.Debug|Any CPU.ActiveCfg = Debug|Any CPU
		{132F56A5-EA54-4A0C-AD1F-399ACC3DC386}.Debug|Any CPU.Build.0 = Debug|Any CPU
		{132F56A5-EA54-4A0C-AD1F-399ACC3DC386}.Release|Any CPU.ActiveCfg = Release|Any CPU
		{132F56A5-EA54-4A0C-AD1F-399ACC3DC386}.Release|Any CPU.Build.0 = Release|Any CPU
		{1A4114DA-252D-46E1-8682-DC5CB3E4F1FB}.Debug|Any CPU.ActiveCfg = Debug|Any CPU
		{1A4114DA-252D-46E1-8682-DC5CB3E4F1FB}.Debug|Any CPU.Build.0 = Debug|Any CPU
		{1A4114DA-252D-46E1-8682-DC5CB3E4F1FB}.Release|Any CPU.ActiveCfg = Release|Any CPU
		{1A4114DA-252D-46E1-8682-DC5CB3E4F1FB}.Release|Any CPU.Build.0 = Release|Any CPU
		{B3F828DB-B648-4ECB-B344-EF8B5B9034B7}.Debug|Any CPU.ActiveCfg = Debug|Any CPU
		{B3F828DB-B648-4ECB-B344-EF8B5B9034B7}.Debug|Any CPU.Build.0 = Debug|Any CPU
		{B3F828DB-B648-4ECB-B344-EF8B5B9034B7}.Release|Any CPU.ActiveCfg = Release|Any CPU
		{B3F828DB-B648-4ECB-B344-EF8B5B9034B7}.Release|Any CPU.Build.0 = Release|Any CPU
		{9DDE7647-2F51-4C0F-92C7-BCC09C2DEB15}.Debug|Any CPU.ActiveCfg = Debug|Any CPU
		{9DDE7647-2F51-4C0F-92C7-BCC09C2DEB15}.Debug|Any CPU.Build.0 = Debug|Any CPU
		{9DDE7647-2F51-4C0F-92C7-BCC09C2DEB15}.Release|Any CPU.ActiveCfg = Release|Any CPU
		{9DDE7647-2F51-4C0F-92C7-BCC09C2DEB15}.Release|Any CPU.Build.0 = Release|Any CPU
		{43A6D9B7-709B-47A5-AF5F-514984B5663A}.Debug|Any CPU.ActiveCfg = Debug|Any CPU
		{43A6D9B7-709B-47A5-AF5F-514984B5663A}.Debug|Any CPU.Build.0 = Debug|Any CPU
		{43A6D9B7-709B-47A5-AF5F-514984B5663A}.Release|Any CPU.ActiveCfg = Release|Any CPU
		{43A6D9B7-709B-47A5-AF5F-514984B5663A}.Release|Any CPU.Build.0 = Release|Any CPU
	EndGlobalSection
	GlobalSection(SolutionProperties) = preSolution
		HideSolutionNode = FALSE
	EndGlobalSection
	GlobalSection(NestedProjects) = preSolution
		{7D958CC1-3CE5-475A-8B2F-B56B0F251E16} = {BE1A1B03-30D3-490D-B7E8-98A1C9A6F005}
		{A750189B-6155-473F-9568-DD467E3A3724} = {2DB059FF-D3C0-4657-BCFD-0D5147491B90}
		{73AC3CCD-E295-4E1E-9DAC-B6A0619BD5BC} = {BE1A1B03-30D3-490D-B7E8-98A1C9A6F005}
		{132F56A5-EA54-4A0C-AD1F-399ACC3DC386} = {BE1A1B03-30D3-490D-B7E8-98A1C9A6F005}
	EndGlobalSection
	GlobalSection(ExtensibilityGlobals) = postSolution
		SolutionGuid = {226807A9-2F3C-466A-AC37-64BE6D94A7F2}
	EndGlobalSection
EndGlobal
